
Microsoft Visual Studio Solution File, Format Version 12.00
# Visual Studio Version 17
VisualStudioVersion = 17.4.33213.308
MinimumVisualStudioVersion = 10.0.40219.1
Project("{9A19103F-16F7-4668-BE54-9A1E7A4F7556}") = "Booking.API", "Booking.API\Booking.API.csproj", "{9827EA48-CE8D-4715-9A95-0EA7855D3B2E}"
EndProject
Project("{9A19103F-16F7-4668-BE54-9A1E7A4F7556}") = "Booking.DAL", "Booking.DAL\Booking.DAL.csproj", "{276AF8B2-E5EF-43A7-B3E5-EBB3B0F3FB33}"
EndProject
Project("{9A19103F-16F7-4668-BE54-9A1E7A4F7556}") = "Booking.BLL", "Booking.BLL\Booking.BLL.csproj", "{F5A20FB8-7AE1-48E1-8466-4873E79A441B}"
EndProject
Project("{2150E333-8FDC-42A3-9474-1A3956D46DE8}") = "Tests", "Tests", "{4453A6F6-7482-4E3E-8CED-076718382E58}"
EndProject
Project("{FAE04EC0-301F-11D3-BF4B-00C04F79EFBC}") = "Booking.BLL.Tests", "Booking.BLL.Tests\Booking.BLL.Tests.csproj", "{2F3A4AAA-ABBE-4111-BEAF-09C58D86BD2F}"
EndProject
Global
	GlobalSection(SolutionConfigurationPlatforms) = preSolution
		Debug|Any CPU = Debug|Any CPU
		Release|Any CPU = Release|Any CPU
	EndGlobalSection
	GlobalSection(ProjectConfigurationPlatforms) = postSolution
		{9827EA48-CE8D-4715-9A95-0EA7855D3B2E}.Debug|Any CPU.ActiveCfg = Debug|Any CPU
		{9827EA48-CE8D-4715-9A95-0EA7855D3B2E}.Debug|Any CPU.Build.0 = Debug|Any CPU
		{9827EA48-CE8D-4715-9A95-0EA7855D3B2E}.Release|Any CPU.ActiveCfg = Release|Any CPU
		{9827EA48-CE8D-4715-9A95-0EA7855D3B2E}.Release|Any CPU.Build.0 = Release|Any CPU
		{276AF8B2-E5EF-43A7-B3E5-EBB3B0F3FB33}.Debug|Any CPU.ActiveCfg = Debug|Any CPU
		{276AF8B2-E5EF-43A7-B3E5-EBB3B0F3FB33}.Debug|Any CPU.Build.0 = Debug|Any CPU
		{276AF8B2-E5EF-43A7-B3E5-EBB3B0F3FB33}.Release|Any CPU.ActiveCfg = Release|Any CPU
		{276AF8B2-E5EF-43A7-B3E5-EBB3B0F3FB33}.Release|Any CPU.Build.0 = Release|Any CPU
		{F5A20FB8-7AE1-48E1-8466-4873E79A441B}.Debug|Any CPU.ActiveCfg = Debug|Any CPU
		{F5A20FB8-7AE1-48E1-8466-4873E79A441B}.Debug|Any CPU.Build.0 = Debug|Any CPU
		{F5A20FB8-7AE1-48E1-8466-4873E79A441B}.Release|Any CPU.ActiveCfg = Release|Any CPU
		{F5A20FB8-7AE1-48E1-8466-4873E79A441B}.Release|Any CPU.Build.0 = Release|Any CPU
		{2F3A4AAA-ABBE-4111-BEAF-09C58D86BD2F}.Debug|Any CPU.ActiveCfg = Debug|Any CPU
		{2F3A4AAA-ABBE-4111-BEAF-09C58D86BD2F}.Debug|Any CPU.Build.0 = Debug|Any CPU
		{2F3A4AAA-ABBE-4111-BEAF-09C58D86BD2F}.Release|Any CPU.ActiveCfg = Release|Any CPU
		{2F3A4AAA-ABBE-4111-BEAF-09C58D86BD2F}.Release|Any CPU.Build.0 = Release|Any CPU
	EndGlobalSection
	GlobalSection(SolutionProperties) = preSolution
		HideSolutionNode = FALSE
	EndGlobalSection
	GlobalSection(NestedProjects) = preSolution
		{2F3A4AAA-ABBE-4111-BEAF-09C58D86BD2F} = {4453A6F6-7482-4E3E-8CED-076718382E58}
	EndGlobalSection
	GlobalSection(ExtensibilityGlobals) = postSolution
		SolutionGuid = {703D4D2E-A145-4D4D-A1EE-2C806CC5EC2D}
	EndGlobalSection
EndGlobal
